
Microsoft Visual Studio Solution File, Format Version 12.00
# Visual Studio Version 17
VisualStudioVersion = 17.8.34330.188
MinimumVisualStudioVersion = 10.0.40219.1
Project("{FAE04EC0-301F-11D3-BF4B-00C04F79EFBC}") = "WindowsFormsAppListCreater", "WindowsFormsAppListCreater.csproj", "{5FF3C4B4-4CA1-4821-8B00-C3A176BEB6DA}"
EndProject
Global
	GlobalSection(SolutionConfigurationPlatforms) = preSolution
		Debug|Any CPU = Debug|Any CPU
		Release|Any CPU = Release|Any CPU
	EndGlobalSection
	GlobalSection(ProjectConfigurationPlatforms) = postSolution
		{5FF3C4B4-4CA1-4821-8B00-C3A176BEB6DA}.Debug|Any CPU.ActiveCfg = Debug|Any CPU
		{5FF3C4B4-4CA1-4821-8B00-C3A176BEB6DA}.Debug|Any CPU.Build.0 = Debug|Any CPU
		{5FF3C4B4-4CA1-4821-8B00-C3A176BEB6DA}.Release|Any CPU.ActiveCfg = Release|Any CPU
		{5FF3C4B4-4CA1-4821-8B00-C3A176BEB6DA}.Release|Any CPU.Build.0 = Release|Any CPU
	EndGlobalSection
	GlobalSection(SolutionProperties) = preSolution
		HideSolutionNode = FALSE
	EndGlobalSection
	GlobalSection(ExtensibilityGlobals) = postSolution
		SolutionGuid = {C071076D-52A5-4CFA-A476-F3247B12D74D}
	EndGlobalSection
EndGlobal
